
Microsoft Visual Studio Solution File, Format Version 12.00
# Visual Studio Version 17
VisualStudioVersion = 17.2.32630.192
MinimumVisualStudioVersion = 10.0.40219.1
Project("{FAE04EC0-301F-11D3-BF4B-00C04F79EFBC}") = "PilasYColas", "PilasYColas\PilasYColas.csproj", "{21AEB793-0533-4D3E-8C76-95EB7956FC2A}"
EndProject
Global
	GlobalSection(SolutionConfigurationPlatforms) = preSolution
		Debug|Any CPU = Debug|Any CPU
		Release|Any CPU = Release|Any CPU
	EndGlobalSection
	GlobalSection(ProjectConfigurationPlatforms) = postSolution
		{21AEB793-0533-4D3E-8C76-95EB7956FC2A}.Debug|Any CPU.ActiveCfg = Debug|Any CPU
		{21AEB793-0533-4D3E-8C76-95EB7956FC2A}.Debug|Any CPU.Build.0 = Debug|Any CPU
		{21AEB793-0533-4D3E-8C76-95EB7956FC2A}.Release|Any CPU.ActiveCfg = Release|Any CPU
		{21AEB793-0533-4D3E-8C76-95EB7956FC2A}.Release|Any CPU.Build.0 = Release|Any CPU
	EndGlobalSection
	GlobalSection(SolutionProperties) = preSolution
		HideSolutionNode = FALSE
	EndGlobalSection
	GlobalSection(ExtensibilityGlobals) = postSolution
		SolutionGuid = {10C9F6EA-FCDB-4699-9060-59DCC51209B4}
	EndGlobalSection
EndGlobal
